
Microsoft Visual Studio Solution File, Format Version 12.00
# Visual Studio Version 16
VisualStudioVersion = 16.0.31729.503
MinimumVisualStudioVersion = 10.0.40219.1
Project("{8BC9CEB8-8B4A-11D0-8D11-00A0C91BC942}") = "7-5", "7-5\7-5.vcxproj", "{031137F5-2289-4107-8C15-B2F1CBB0CFF3}"
EndProject
Global
	GlobalSection(SolutionConfigurationPlatforms) = preSolution
		Debug|x64 = Debug|x64
		Debug|x86 = Debug|x86
		Release|x64 = Release|x64
		Release|x86 = Release|x86
	EndGlobalSection
	GlobalSection(ProjectConfigurationPlatforms) = postSolution
		{031137F5-2289-4107-8C15-B2F1CBB0CFF3}.Debug|x64.ActiveCfg = Debug|x64
		{031137F5-2289-4107-8C15-B2F1CBB0CFF3}.Debug|x64.Build.0 = Debug|x64
		{031137F5-2289-4107-8C15-B2F1CBB0CFF3}.Debug|x86.ActiveCfg = Debug|Win32
		{031137F5-2289-4107-8C15-B2F1CBB0CFF3}.Debug|x86.Build.0 = Debug|Win32
		{031137F5-2289-4107-8C15-B2F1CBB0CFF3}.Release|x64.ActiveCfg = Release|x64
		{031137F5-2289-4107-8C15-B2F1CBB0CFF3}.Release|x64.Build.0 = Release|x64
		{031137F5-2289-4107-8C15-B2F1CBB0CFF3}.Release|x86.ActiveCfg = Release|Win32
		{031137F5-2289-4107-8C15-B2F1CBB0CFF3}.Release|x86.Build.0 = Release|Win32
	EndGlobalSection
	GlobalSection(SolutionProperties) = preSolution
		HideSolutionNode = FALSE
	EndGlobalSection
	GlobalSection(ExtensibilityGlobals) = postSolution
		SolutionGuid = {C8E58A29-794A-4303-A243-777B04A033C7}
	EndGlobalSection
EndGlobal
