
Microsoft Visual Studio Solution File, Format Version 12.00
# Visual Studio Version 16
VisualStudioVersion = 16.0.31729.503
MinimumVisualStudioVersion = 10.0.40219.1
Project("{8BC9CEB8-8B4A-11D0-8D11-00A0C91BC942}") = "3-8_C++", "3-8_C++\3-8_C++.vcxproj", "{DBDDCF76-6C85-4BA9-A43E-E6A7E7325CDF}"
EndProject
Global
	GlobalSection(SolutionConfigurationPlatforms) = preSolution
		Debug|x64 = Debug|x64
		Debug|x86 = Debug|x86
		Release|x64 = Release|x64
		Release|x86 = Release|x86
	EndGlobalSection
	GlobalSection(ProjectConfigurationPlatforms) = postSolution
		{DBDDCF76-6C85-4BA9-A43E-E6A7E7325CDF}.Debug|x64.ActiveCfg = Debug|x64
		{DBDDCF76-6C85-4BA9-A43E-E6A7E7325CDF}.Debug|x64.Build.0 = Debug|x64
		{DBDDCF76-6C85-4BA9-A43E-E6A7E7325CDF}.Debug|x86.ActiveCfg = Debug|Win32
		{DBDDCF76-6C85-4BA9-A43E-E6A7E7325CDF}.Debug|x86.Build.0 = Debug|Win32
		{DBDDCF76-6C85-4BA9-A43E-E6A7E7325CDF}.Release|x64.ActiveCfg = Release|x64
		{DBDDCF76-6C85-4BA9-A43E-E6A7E7325CDF}.Release|x64.Build.0 = Release|x64
		{DBDDCF76-6C85-4BA9-A43E-E6A7E7325CDF}.Release|x86.ActiveCfg = Release|Win32
		{DBDDCF76-6C85-4BA9-A43E-E6A7E7325CDF}.Release|x86.Build.0 = Release|Win32
	EndGlobalSection
	GlobalSection(SolutionProperties) = preSolution
		HideSolutionNode = FALSE
	EndGlobalSection
	GlobalSection(ExtensibilityGlobals) = postSolution
		SolutionGuid = {59013EE3-B068-4889-B7BC-FE887B4EBBA7}
	EndGlobalSection
EndGlobal
