
Microsoft Visual Studio Solution File, Format Version 12.00
# Visual Studio Version 16
VisualStudioVersion = 16.0.31729.503
MinimumVisualStudioVersion = 10.0.40219.1
Project("{8BC9CEB8-8B4A-11D0-8D11-00A0C91BC942}") = "3-2_C", "3-2_C\3-2_C.vcxproj", "{A62C4B35-4DB2-4FE0-87A0-0DBB44C3110F}"
EndProject
Global
	GlobalSection(SolutionConfigurationPlatforms) = preSolution
		Debug|x64 = Debug|x64
		Debug|x86 = Debug|x86
		Release|x64 = Release|x64
		Release|x86 = Release|x86
	EndGlobalSection
	GlobalSection(ProjectConfigurationPlatforms) = postSolution
		{A62C4B35-4DB2-4FE0-87A0-0DBB44C3110F}.Debug|x64.ActiveCfg = Debug|x64
		{A62C4B35-4DB2-4FE0-87A0-0DBB44C3110F}.Debug|x64.Build.0 = Debug|x64
		{A62C4B35-4DB2-4FE0-87A0-0DBB44C3110F}.Debug|x86.ActiveCfg = Debug|Win32
		{A62C4B35-4DB2-4FE0-87A0-0DBB44C3110F}.Debug|x86.Build.0 = Debug|Win32
		{A62C4B35-4DB2-4FE0-87A0-0DBB44C3110F}.Release|x64.ActiveCfg = Release|x64
		{A62C4B35-4DB2-4FE0-87A0-0DBB44C3110F}.Release|x64.Build.0 = Release|x64
		{A62C4B35-4DB2-4FE0-87A0-0DBB44C3110F}.Release|x86.ActiveCfg = Release|Win32
		{A62C4B35-4DB2-4FE0-87A0-0DBB44C3110F}.Release|x86.Build.0 = Release|Win32
	EndGlobalSection
	GlobalSection(SolutionProperties) = preSolution
		HideSolutionNode = FALSE
	EndGlobalSection
	GlobalSection(ExtensibilityGlobals) = postSolution
		SolutionGuid = {BAE996DD-ED87-4AEC-9A98-8FD0AA1B345A}
	EndGlobalSection
EndGlobal
