
Microsoft Visual Studio Solution File, Format Version 12.00
# Visual Studio Version 16
VisualStudioVersion = 16.0.31729.503
MinimumVisualStudioVersion = 10.0.40219.1
Project("{8BC9CEB8-8B4A-11D0-8D11-00A0C91BC942}") = "1-25_C", "1-25_C\1-25_C.vcxproj", "{879CB21E-0EAF-47DD-AB4D-D6A6A23CCF31}"
EndProject
Global
	GlobalSection(SolutionConfigurationPlatforms) = preSolution
		Debug|x64 = Debug|x64
		Debug|x86 = Debug|x86
		Release|x64 = Release|x64
		Release|x86 = Release|x86
	EndGlobalSection
	GlobalSection(ProjectConfigurationPlatforms) = postSolution
		{879CB21E-0EAF-47DD-AB4D-D6A6A23CCF31}.Debug|x64.ActiveCfg = Debug|x64
		{879CB21E-0EAF-47DD-AB4D-D6A6A23CCF31}.Debug|x64.Build.0 = Debug|x64
		{879CB21E-0EAF-47DD-AB4D-D6A6A23CCF31}.Debug|x86.ActiveCfg = Debug|Win32
		{879CB21E-0EAF-47DD-AB4D-D6A6A23CCF31}.Debug|x86.Build.0 = Debug|Win32
		{879CB21E-0EAF-47DD-AB4D-D6A6A23CCF31}.Release|x64.ActiveCfg = Release|x64
		{879CB21E-0EAF-47DD-AB4D-D6A6A23CCF31}.Release|x64.Build.0 = Release|x64
		{879CB21E-0EAF-47DD-AB4D-D6A6A23CCF31}.Release|x86.ActiveCfg = Release|Win32
		{879CB21E-0EAF-47DD-AB4D-D6A6A23CCF31}.Release|x86.Build.0 = Release|Win32
	EndGlobalSection
	GlobalSection(SolutionProperties) = preSolution
		HideSolutionNode = FALSE
	EndGlobalSection
	GlobalSection(ExtensibilityGlobals) = postSolution
		SolutionGuid = {7582E2EE-C598-483C-826F-32A27172BB9D}
	EndGlobalSection
EndGlobal
