
Microsoft Visual Studio Solution File, Format Version 12.00
# Visual Studio Version 16
VisualStudioVersion = 16.0.31729.503
MinimumVisualStudioVersion = 10.0.40219.1
Project("{8BC9CEB8-8B4A-11D0-8D11-00A0C91BC942}") = "1-12_C语言", "1-12_C语言\1-12_C语言.vcxproj", "{D700725D-9E6E-45C2-B271-9FED6276B602}"
EndProject
Global
	GlobalSection(SolutionConfigurationPlatforms) = preSolution
		Debug|x64 = Debug|x64
		Debug|x86 = Debug|x86
		Release|x64 = Release|x64
		Release|x86 = Release|x86
	EndGlobalSection
	GlobalSection(ProjectConfigurationPlatforms) = postSolution
		{D700725D-9E6E-45C2-B271-9FED6276B602}.Debug|x64.ActiveCfg = Debug|x64
		{D700725D-9E6E-45C2-B271-9FED6276B602}.Debug|x64.Build.0 = Debug|x64
		{D700725D-9E6E-45C2-B271-9FED6276B602}.Debug|x86.ActiveCfg = Debug|Win32
		{D700725D-9E6E-45C2-B271-9FED6276B602}.Debug|x86.Build.0 = Debug|Win32
		{D700725D-9E6E-45C2-B271-9FED6276B602}.Release|x64.ActiveCfg = Release|x64
		{D700725D-9E6E-45C2-B271-9FED6276B602}.Release|x64.Build.0 = Release|x64
		{D700725D-9E6E-45C2-B271-9FED6276B602}.Release|x86.ActiveCfg = Release|Win32
		{D700725D-9E6E-45C2-B271-9FED6276B602}.Release|x86.Build.0 = Release|Win32
	EndGlobalSection
	GlobalSection(SolutionProperties) = preSolution
		HideSolutionNode = FALSE
	EndGlobalSection
	GlobalSection(ExtensibilityGlobals) = postSolution
		SolutionGuid = {3BD49E4F-77EB-40B0-8510-AABEF538ACC6}
	EndGlobalSection
EndGlobal
