
Microsoft Visual Studio Solution File, Format Version 12.00
# Visual Studio Version 16
VisualStudioVersion = 16.0.31729.503
MinimumVisualStudioVersion = 10.0.40219.1
Project("{8BC9CEB8-8B4A-11D0-8D11-00A0C91BC942}") = "7-7", "7-7\7-7.vcxproj", "{02AE1A39-0690-4947-B57C-2EAEBFC409B7}"
EndProject
Global
	GlobalSection(SolutionConfigurationPlatforms) = preSolution
		Debug|x64 = Debug|x64
		Debug|x86 = Debug|x86
		Release|x64 = Release|x64
		Release|x86 = Release|x86
	EndGlobalSection
	GlobalSection(ProjectConfigurationPlatforms) = postSolution
		{02AE1A39-0690-4947-B57C-2EAEBFC409B7}.Debug|x64.ActiveCfg = Debug|x64
		{02AE1A39-0690-4947-B57C-2EAEBFC409B7}.Debug|x64.Build.0 = Debug|x64
		{02AE1A39-0690-4947-B57C-2EAEBFC409B7}.Debug|x86.ActiveCfg = Debug|Win32
		{02AE1A39-0690-4947-B57C-2EAEBFC409B7}.Debug|x86.Build.0 = Debug|Win32
		{02AE1A39-0690-4947-B57C-2EAEBFC409B7}.Release|x64.ActiveCfg = Release|x64
		{02AE1A39-0690-4947-B57C-2EAEBFC409B7}.Release|x64.Build.0 = Release|x64
		{02AE1A39-0690-4947-B57C-2EAEBFC409B7}.Release|x86.ActiveCfg = Release|Win32
		{02AE1A39-0690-4947-B57C-2EAEBFC409B7}.Release|x86.Build.0 = Release|Win32
	EndGlobalSection
	GlobalSection(SolutionProperties) = preSolution
		HideSolutionNode = FALSE
	EndGlobalSection
	GlobalSection(ExtensibilityGlobals) = postSolution
		SolutionGuid = {7B558D67-C2D3-47A8-90C9-D6CC34F2B57F}
	EndGlobalSection
EndGlobal
